
Microsoft Visual Studio Solution File, Format Version 11.00
# Visual Studio 2010
Project("{FAE04EC0-301F-11D3-BF4B-00C04F79EFBC}") = "WebDavClientLibrary", "WebDav\WebDavClientLibrary.csproj", "{8C077137-ECBA-402D-B941-165950E7AF80}"
EndProject
Project("{FAE04EC0-301F-11D3-BF4B-00C04F79EFBC}") = "WebDavWinFormsClientDemo", "WebDavWinFormsClientDemo\WebDavWinFormsClientDemo.csproj", "{312A3E0B-E2E7-4D80-BA16-AB6D3ADF7A0E}"
EndProject
Global
	GlobalSection(SolutionConfigurationPlatforms) = preSolution
		Debug|x86 = Debug|x86
		Release|x86 = Release|x86
	EndGlobalSection
	GlobalSection(ProjectConfigurationPlatforms) = postSolution
		{312A3E0B-E2E7-4D80-BA16-AB6D3ADF7A0E}.Debug|x86.ActiveCfg = Debug|x86
		{312A3E0B-E2E7-4D80-BA16-AB6D3ADF7A0E}.Debug|x86.Build.0 = Debug|x86
		{312A3E0B-E2E7-4D80-BA16-AB6D3ADF7A0E}.Release|x86.ActiveCfg = Release|x86
		{312A3E0B-E2E7-4D80-BA16-AB6D3ADF7A0E}.Release|x86.Build.0 = Release|x86
		{8C077137-ECBA-402D-B941-165950E7AF80}.Debug|x86.ActiveCfg = Debug|x86
		{8C077137-ECBA-402D-B941-165950E7AF80}.Debug|x86.Build.0 = Debug|x86
		{8C077137-ECBA-402D-B941-165950E7AF80}.Release|x86.ActiveCfg = Release|x86
		{8C077137-ECBA-402D-B941-165950E7AF80}.Release|x86.Build.0 = Release|x86
	EndGlobalSection
	GlobalSection(MonoDevelopProperties) = preSolution
		StartupItem = WebDavWinFormsClientDemo\WebDavWinFormsClientDemo.csproj
		Policies = $0
		$0.VersionControlPolicy = $1
		$1.CommitMessageStyle = $2
		$2.LastFilePostfix = "@:\n  "
		$2.IncludeDirectoryPaths = True
		$1.inheritsSet = Mono
		$0.ChangeLogPolicy = $3
		$3.UpdateMode = None
		$3.MessageStyle = $4
		$4.LastFilePostfix = "@:\n  "
		$4.IncludeDirectoryPaths = True
		$3.inheritsSet = Mono
		$0.TextStylePolicy = $5
		$5.inheritsSet = null
		$5.scope = text/x-csharp
		$0.CSharpFormattingPolicy = $6
		$6.IndentSwitchBody = True
		$6.AlignEmbeddedUsingStatements = False
		$6.NamespaceBraceStyle = EndOfLine
		$6.ClassBraceStyle = EndOfLine
		$6.InterfaceBraceStyle = EndOfLine
		$6.StructBraceStyle = EndOfLine
		$6.EnumBraceStyle = EndOfLine
		$6.MethodBraceStyle = EndOfLine
		$6.ConstructorBraceStyle = EndOfLine
		$6.DestructorBraceStyle = EndOfLine
		$6.IfElseBraceForcement = AddBraces
		$6.ForBraceForcement = AddBraces
		$6.WhileBraceForcement = AddBraces
		$6.UsingBraceForcement = AddBraces
		$6.FixedBraceForcement = AddBraces
		$6.ElseIfNewLinePlacement = SameLine
		$6.BeforeMethodDeclarationParentheses = False
		$6.BeforeMethodCallParentheses = False
		$6.BeforeConstructorDeclarationParentheses = False
		$6.BeforeIndexerDeclarationBracket = False
		$6.BeforeDelegateDeclarationParentheses = False
		$6.AfterDelegateDeclarationParameterComma = True
		$6.NewParentheses = False
		$6.WhileParentheses = False
		$6.ForParentheses = False
		$6.ForeachParentheses = False
		$6.CatchParentheses = False
		$6.SwitchParentheses = False
		$6.LockParentheses = False
		$6.UsingParentheses = False
		$6.SpacesBeforeBrackets = False
		$6.inheritsSet = Mono
		$6.inheritsScope = text/x-csharp
		$6.scope = text/x-csharp
		version = 0.0.1
	EndGlobalSection
	GlobalSection(SolutionProperties) = preSolution
		HideSolutionNode = FALSE
	EndGlobalSection
EndGlobal
