
Microsoft Visual Studio Solution File, Format Version 11.00
# Visual Studio 2010
Project("{FAE04EC0-301F-11D3-BF4B-00C04F79EFBC}") = "WebDavClientLibrary", "WebDav\WebDavClientLibrary.csproj", "{8C077137-ECBA-402D-B941-165950E7AF80}"
EndProject
Project("{FAE04EC0-301F-11D3-BF4B-00C04F79EFBC}") = "WebDavWinFormsClientDemo", "WebDavWinFormsClientDemo\WebDavWinFormsClientDemo.csproj", "{312A3E0B-E2E7-4D80-BA16-AB6D3ADF7A0E}"
EndProject
Global
	GlobalSection(SolutionConfigurationPlatforms) = preSolution
		Debug|x86 = Debug|x86
		Release|x86 = Release|x86
	EndGlobalSection
	GlobalSection(ProjectConfigurationPlatforms) = postSolution
		{312A3E0B-E2E7-4D80-BA16-AB6D3ADF7A0E}.Debug|x86.ActiveCfg = Debug|x86
		{312A3E0B-E2E7-4D80-BA16-AB6D3ADF7A0E}.Debug|x86.Build.0 = Debug|x86
		{312A3E0B-E2E7-4D80-BA16-AB6D3ADF7A0E}.Release|x86.ActiveCfg = Release|x86
		{312A3E0B-E2E7-4D80-BA16-AB6D3ADF7A0E}.Release|x86.Build.0 = Release|x86
		{8C077137-ECBA-402D-B941-165950E7AF80}.Debug|x86.ActiveCfg = Debug|x86
		{8C077137-ECBA-402D-B941-165950E7AF80}.Debug|x86.Build.0 = Debug|x86
		{8C077137-ECBA-402D-B941-165950E7AF80}.Release|x86.ActiveCfg = Release|x86
		{8C077137-ECBA-402D-B941-165950E7AF80}.Release|x86.Build.0 = Release|x86
	EndGlobalSection
	GlobalSection(MonoDevelopProperties) = preSolution
		StartupItem = WebDavWinFormsClientDemo\WebDavWinFormsClientDemo.csproj
		Policies = $0
		$0.VersionControlPolicy = $1
		$1.CommitMessageStyle = $2
		$2.LastFilePostfix = "@:\n  "
		$2.IncludeDirectoryPaths = True
		$1.inheritsSet = Mono
		$0.ChangeLogPolicy = $3
		$3.UpdateMode = None
		$3.MessageStyle = $4
		$4.LastFilePostfix = "@:\n  "
		$4.IncludeDirectoryPaths = True
		$3.inheritsSet = Mono
		version = 0.0.1
	EndGlobalSection
	GlobalSection(SolutionProperties) = preSolution
		HideSolutionNode = FALSE
	EndGlobalSection
EndGlobal
